{
  "name": "intro-to-node",
  "version": "1.0.0",
  "lockfileVersion": 3,
  "requires": true,
  "packages": {
    "": {
      "name": "intro-to-node",
      "version": "1.0.0",
      "license": "ISC",
      "dependencies": {
        "superhero": "^2.12.5",
        "villans": "^2.5.1"
      }
    },
    "node_modules/@angular/common": {
      "version": "13.3.12",
      "resolved": "https://registry.npmjs.org/@angular/common/-/common-13.3.12.tgz",
      "integrity": "sha512-Nk4zNKfda92aFe+cucHRv2keyryR7C1ZnsurwZW9WZSobpY3z2tTT81F+yy35lGoMt5BDBAIpfh1b4j9Ue/vMg==",
      "peer": true,
      "dependencies": {
        "tslib": "^2.3.0"
      },
      "engines": {
        "node": "^12.20.0 || ^14.15.0 || >=16.10.0"
      },
      "peerDependencies": {
        "@angular/core": "13.3.12",
        "rxjs": "^6.5.3 || ^7.4.0"
      }
    },
    "node_modules/@angular/core": {
      "version": "13.3.12",
      "resolved": "https://registry.npmjs.org/@angular/core/-/core-13.3.12.tgz",
      "integrity": "sha512-jx0YC+NbPMbxGr5bXECkCEQv2RdVxR8AJNnabkPk8ZjwCpDzROrbELwwS1kunrZUhffcD15IhWGBvf1EGHAYDw==",
      "peer": true,
      "dependencies": {
        "tslib": "^2.3.0"
      },
      "engines": {
        "node": "^12.20.0 || ^14.15.0 || >=16.10.0"
      },
      "peerDependencies": {
        "rxjs": "^6.5.3 || ^7.4.0",
        "zone.js": "~0.11.4"
      }
    },
    "node_modules/@superhero/debug": {
      "version": "1.1.14",
      "resolved": "https://registry.npmjs.org/@superhero/debug/-/debug-1.1.14.tgz",
      "integrity": "sha512-4i1RUzFDA8+QeQOC1MOQdHFESV580eGvRB3DfPGTB2VgL2jC5S3CB2Q+WitnWEfBixRPxzDhUNl6593yqW4/3A==",
      "dependencies": {
        "dateformat": "3.0.2"
      }
    },
    "node_modules/@superhero/request": {
      "version": "2.3.7",
      "resolved": "https://registry.npmjs.org/@superhero/request/-/request-2.3.7.tgz",
      "integrity": "sha512-MJzOOWuwGnx7mRd8/Qm5nYnGoTz3s1pByDHEmFBa5thRcwx7lgCNfr9TDu0UBcT3w6Ur8MBiZr9WA+u0trWSfQ==",
      "dependencies": {
        "@superhero/debug": "1.1.13"
      }
    },
    "node_modules/@superhero/request/node_modules/@superhero/debug": {
      "version": "1.1.13",
      "resolved": "https://registry.npmjs.org/@superhero/debug/-/debug-1.1.13.tgz",
      "integrity": "sha512-CzvbJm1ma56VsEmqVs3WxDSpgFScNH8yEutj3hfqNL+aGNIily9jmpxe4S3tsSr8FKI2pEvg5emmpJsnS2w+SA==",
      "dependencies": {
        "dateformat": "3.0.2"
      }
    },
    "node_modules/dateformat": {
      "version": "3.0.2",
      "resolved": "https://registry.npmjs.org/dateformat/-/dateformat-3.0.2.tgz",
      "integrity": "sha512-EelsCzH0gMC2YmXuMeaZ3c6md1sUJQxyb1XXc4xaisi/K6qKukqZhKPrEQyRkdNIncgYyLoDTReq0nNyuKerTg==",
      "engines": {
        "node": "*"
      }
    },
    "node_modules/rxjs": {
      "version": "7.8.0",
      "resolved": "https://registry.npmjs.org/rxjs/-/rxjs-7.8.0.tgz",
      "integrity": "sha512-F2+gxDshqmIub1KdvZkaEfGDwLNpPvk9Fs6LD/MyQxNgMds/WH9OdDDXOmxUZpME+iSK3rQCctkL0DYyytUqMg==",
      "peer": true,
      "dependencies": {
        "tslib": "^2.1.0"
      }
    },
    "node_modules/superhero": {
      "version": "2.12.5",
      "resolved": "https://registry.npmjs.org/superhero/-/superhero-2.12.5.tgz",
      "integrity": "sha512-kt+Pcf9fPUjYIdL/Qe+d5LsJSMz7GpxUJqAzeK8U/zplkRxPJQXA0rI7fD4whBaF0GaieQzXqcpwjjUc/XLdpg==",
      "dependencies": {
        "@superhero/debug": "1.1.14",
        "@superhero/request": "2.3.7"
      },
      "bin": {
        "superhero": "bin/superhero.js"
      },
      "engines": {
        "node": ">=10.0.0"
      }
    },
    "node_modules/tslib": {
      "version": "2.5.0",
      "resolved": "https://registry.npmjs.org/tslib/-/tslib-2.5.0.tgz",
      "integrity": "sha512-336iVw3rtn2BUK7ORdIAHTyxHGRIHVReokCR3XjbckJMK7ms8FysBfhLR8IXnAgy7T0PTPNBWKiH514FOW/WSg=="
    },
    "node_modules/villans": {
      "version": "2.5.1",
      "resolved": "https://registry.npmjs.org/villans/-/villans-2.5.1.tgz",
      "integrity": "sha512-1tj0KxIaHm5Eb2LMhMSJXqOwB++NkVHQDZzNeSiRTBlCZIkWIaNNf71g5X551aH2zJoIW5IbYB9HV9KkWenu0A==",
      "dependencies": {
        "tslib": "^2.3.0"
      },
      "peerDependencies": {
        "@angular/common": "^13.3.0",
        "@angular/core": "^13.3.0"
      }
    },
    "node_modules/zone.js": {
      "version": "0.11.8",
      "resolved": "https://registry.npmjs.org/zone.js/-/zone.js-0.11.8.tgz",
      "integrity": "sha512-82bctBg2hKcEJ21humWIkXRlLBBmrc3nN7DFh5LGGhcyycO2S7FN8NmdvlcKaGFDNVL4/9kFLmwmInTavdJERA==",
      "peer": true,
      "dependencies": {
        "tslib": "^2.3.0"
      }
    }
  }
}
